{
  "name": "test-check-deprecated",
  "version": "1.0.0",
  "lockfileVersion": 1,
  "requires": true,
  "dependencies": {
    "deploy-node-module": {
      "version": "1.0.4",
      "resolved": "https://registry.npmjs.org/deploy-node-module/-/deploy-node-module-1.0.4.tgz",
      "integrity": "sha512-wiftO0/Z6SGipGro7w6VqmJxnCeUi39w9W+c3RdVJ77NX2b+4A6l33KEgZfYTR7X7lAFHkIgfmmUnK/0dIvH5g=="
    }
  }
}
