# THIS IS AN AUTOGENERATED FILE. DO NOT EDIT THIS FILE DIRECTLY.
# yarn lockfile v1


deploy-node-module@^1.0.4:
  version "1.0.4"
  resolved "https://registry.yarnpkg.com/deploy-node-module/-/deploy-node-module-1.0.4.tgz#1ec51c3b705532a8e54aa4941ddfc6df3ee71b85"
  integrity sha512-wiftO0/Z6SGipGro7w6VqmJxnCeUi39w9W+c3RdVJ77NX2b+4A6l33KEgZfYTR7X7lAFHkIgfmmUnK/0dIvH5g==
